<?xml version="1.0" encoding="UTF-8"?>
<CodeBlocks_project_file>
	<FileVersion major="1" minor="6"/>
	<Project>
		<Option title="cpp-chat-client"/>
		<Option makefile_is_custom="1"/>
		<Option compiler="gcc"/>
		<Option virtualFolders="CMake Files\;"/>
		<Build>
			<Target title="all">
				<Option working_dir="/home/dean/Projects/computer-networks/cpp-chat-client"/>
				<Option type="4"/>
				<MakeCommands>
					<Build command="/usr/bin/make -f &quot;/home/dean/Projects/computer-networks/cpp-chat-client/Makefile&quot;  VERBOSE=1 all"/>
					<CompileFile command="/usr/bin/make -f &quot;/home/dean/Projects/computer-networks/cpp-chat-client/Makefile&quot;  VERBOSE=1 &quot;$file&quot;"/>
					<Clean command="/usr/bin/make -f &quot;/home/dean/Projects/computer-networks/cpp-chat-client/Makefile&quot;  VERBOSE=1 clean"/>
					<DistClean command="/usr/bin/make -f &quot;/home/dean/Projects/computer-networks/cpp-chat-client/Makefile&quot;  VERBOSE=1 clean"/>
				</MakeCommands>
			</Target>
			<Target title="rebuild_cache">
				<Option working_dir="/home/dean/Projects/computer-networks/cpp-chat-client"/>
				<Option type="4"/>
				<MakeCommands>
					<Build command="/usr/bin/make -f &quot;/home/dean/Projects/computer-networks/cpp-chat-client/Makefile&quot;  VERBOSE=1 rebuild_cache"/>
					<CompileFile command="/usr/bin/make -f &quot;/home/dean/Projects/computer-networks/cpp-chat-client/Makefile&quot;  VERBOSE=1 &quot;$file&quot;"/>
					<Clean command="/usr/bin/make -f &quot;/home/dean/Projects/computer-networks/cpp-chat-client/Makefile&quot;  VERBOSE=1 clean"/>
					<DistClean command="/usr/bin/make -f &quot;/home/dean/Projects/computer-networks/cpp-chat-client/Makefile&quot;  VERBOSE=1 clean"/>
				</MakeCommands>
			</Target>
			<Target title="cpp-chat-client">
				<Option output="/home/dean/Projects/computer-networks/cpp-chat-client/cpp-chat-client" prefix_auto="0" extension_auto="0"/>
				<Option working_dir="/home/dean/Projects/computer-networks/cpp-chat-client"/>
				<Option object_output="./"/>
				<Option type="1"/>
				<Option compiler="gcc"/>
				<Compiler/>
				<MakeCommands>
					<Build command="/usr/bin/make -f &quot;/home/dean/Projects/computer-networks/cpp-chat-client/Makefile&quot;  VERBOSE=1 cpp-chat-client"/>
					<CompileFile command="/usr/bin/make -f &quot;/home/dean/Projects/computer-networks/cpp-chat-client/Makefile&quot;  VERBOSE=1 &quot;$file&quot;"/>
					<Clean command="/usr/bin/make -f &quot;/home/dean/Projects/computer-networks/cpp-chat-client/Makefile&quot;  VERBOSE=1 clean"/>
					<DistClean command="/usr/bin/make -f &quot;/home/dean/Projects/computer-networks/cpp-chat-client/Makefile&quot;  VERBOSE=1 clean"/>
				</MakeCommands>
			</Target>
			<Target title="cpp-chat-client/fast">
				<Option output="/home/dean/Projects/computer-networks/cpp-chat-client/cpp-chat-client" prefix_auto="0" extension_auto="0"/>
				<Option working_dir="/home/dean/Projects/computer-networks/cpp-chat-client"/>
				<Option object_output="./"/>
				<Option type="1"/>
				<Option compiler="gcc"/>
				<Compiler/>
				<MakeCommands>
					<Build command="/usr/bin/make -f &quot;/home/dean/Projects/computer-networks/cpp-chat-client/Makefile&quot;  VERBOSE=1 cpp-chat-client/fast"/>
					<CompileFile command="/usr/bin/make -f &quot;/home/dean/Projects/computer-networks/cpp-chat-client/Makefile&quot;  VERBOSE=1 &quot;$file&quot;"/>
					<Clean command="/usr/bin/make -f &quot;/home/dean/Projects/computer-networks/cpp-chat-client/Makefile&quot;  VERBOSE=1 clean"/>
					<DistClean command="/usr/bin/make -f &quot;/home/dean/Projects/computer-networks/cpp-chat-client/Makefile&quot;  VERBOSE=1 clean"/>
				</MakeCommands>
			</Target>
			<Target title="edit_cache">
				<Option working_dir="/home/dean/Projects/computer-networks/cpp-chat-client"/>
				<Option type="4"/>
				<MakeCommands>
					<Build command="/usr/bin/make -f &quot;/home/dean/Projects/computer-networks/cpp-chat-client/Makefile&quot;  VERBOSE=1 edit_cache"/>
					<CompileFile command="/usr/bin/make -f &quot;/home/dean/Projects/computer-networks/cpp-chat-client/Makefile&quot;  VERBOSE=1 &quot;$file&quot;"/>
					<Clean command="/usr/bin/make -f &quot;/home/dean/Projects/computer-networks/cpp-chat-client/Makefile&quot;  VERBOSE=1 clean"/>
					<DistClean command="/usr/bin/make -f &quot;/home/dean/Projects/computer-networks/cpp-chat-client/Makefile&quot;  VERBOSE=1 clean"/>
				</MakeCommands>
			</Target>
		</Build>
		<Unit filename="/home/dean/Projects/computer-networks/cpp-chat-client/CircularLineBuffer.cpp">
			<Option target="cpp-chat-client"/>
		</Unit>
		<Unit filename="/home/dean/Projects/computer-networks/cpp-chat-client/CircularLineBuffer.h">
			<Option target="cpp-chat-client"/>
		</Unit>
		<Unit filename="/home/dean/Projects/computer-networks/cpp-chat-client/Client.cpp">
			<Option target="cpp-chat-client"/>
		</Unit>
		<Unit filename="/home/dean/Projects/computer-networks/cpp-chat-client/Client.h">
			<Option target="cpp-chat-client"/>
		</Unit>
		<Unit filename="/home/dean/Projects/computer-networks/cpp-chat-client/main.cpp">
			<Option target="cpp-chat-client"/>
		</Unit>
		<Unit filename="/home/dean/Projects/computer-networks/cpp-chat-client/vusocket.cpp">
			<Option target="cpp-chat-client"/>
		</Unit>
		<Unit filename="/home/dean/Projects/computer-networks/cpp-chat-client/vusocket.h">
			<Option target="cpp-chat-client"/>
		</Unit>
		<Unit filename="/home/dean/Projects/computer-networks/cpp-chat-client/CMakeLists.txt">
			<Option virtualFolder="CMake Files\"/>
		</Unit>
	</Project>
</CodeBlocks_project_file>
